
Microsoft Visual Studio Solution File, Format Version 12.00
# Visual Studio Version 17
VisualStudioVersion = 17.8.34330.188
MinimumVisualStudioVersion = 10.0.40219.1
Project("{FAE04EC0-301F-11D3-BF4B-00C04F79EFBC}") = "Bray", "Bray.csproj", "{0607FB6B-BBA2-4469-86C0-AD3CBCB1C064}"
EndProject
Global
	GlobalSection(SolutionConfigurationPlatforms) = preSolution
		Debug|Any CPU = Debug|Any CPU
		Release|Any CPU = Release|Any CPU
	EndGlobalSection
	GlobalSection(ProjectConfigurationPlatforms) = postSolution
		{0607FB6B-BBA2-4469-86C0-AD3CBCB1C064}.Debug|Any CPU.ActiveCfg = Debug|Any CPU
		{0607FB6B-BBA2-4469-86C0-AD3CBCB1C064}.Debug|Any CPU.Build.0 = Debug|Any CPU
		{0607FB6B-BBA2-4469-86C0-AD3CBCB1C064}.Release|Any CPU.ActiveCfg = Release|Any CPU
		{0607FB6B-BBA2-4469-86C0-AD3CBCB1C064}.Release|Any CPU.Build.0 = Release|Any CPU
	EndGlobalSection
	GlobalSection(SolutionProperties) = preSolution
		HideSolutionNode = FALSE
	EndGlobalSection
	GlobalSection(ExtensibilityGlobals) = postSolution
		SolutionGuid = {1527E184-6E54-4EAC-8827-9B381EC26F37}
	EndGlobalSection
EndGlobal
